{
	"name": "marvinplayground_function",
	"version": "1.0.0",
	"lockfileVersion": 3,
	"requires": true,
	"packages": {
		"": {
			"name": "marvinplayground_function",
			"version": "1.0.0",
			"dependencies": {
				"zcatalyst-sdk-node": "latest"
			}
		},
		"node_modules/zcatalyst-sdk-node": {
			"version": "2.3.0",
			"resolved": "https://registry.npmjs.org/zcatalyst-sdk-node/-/zcatalyst-sdk-node-2.3.0.tgz",
			"integrity": "sha512-xo7WlWKjcMmcB6S/dnqoKQ9wmRx3eP3UzoDeQmeKOnY8VwftxPuFttRjCRe7nPvrVa0t5YJZcW+KTdfUwN4nIQ==",
			"engines": {
				"node": ">=10.0.0"
			}
		}
	}
}
